{
  "lockfileVersion": 1,
  "configVersion": 1,
  "workspaces": {
    "": {
      "name": "boys-ski-organiser",
      "dependencies": {
        "appwrite": "^23.0.0",
        "react": "^18.3.1",
        "react-dom": "^18.3.1",
        "threewords": "^0.0.1",
      },
      "devDependencies": {
        "@biomejs/biome": "2.4.10",
        "@happy-dom/global-registrator": "^20.8.9",
        "@testing-library/jest-dom": "^6.9.1",
        "@testing-library/react": "^16.3.2",
        "@testing-library/user-event": "^14.6.1",
        "@types/node": "^22.0.0",
        "@types/react": "^18.3.0",
        "@types/react-dom": "^18.3.0",
        "globals": "^17.4.0",
        "husky": "^9.1.7",
        "lint-staged": "^16.4.0",
        "node-appwrite": "^22.1.3",
        "typescript": "^5.7.3",
      },
    },
  },
  "packages": {
    "@adobe/css-tools": ["@adobe/css-tools@4.4.4", "", {}, "sha512-Elp+iwUx5rN5+Y8xLt5/GRoG20WGoDCQ/1Fb+1LiGtvwbDavuSk0jhD/eZdckHAuzcDzccnkv+rEjyWfRx18gg=="],

    "@babel/code-frame": ["@babel/code-frame@7.29.0", "", { "dependencies": { "@babel/helper-validator-identifier": "^7.28.5", "js-tokens": "^4.0.0", "picocolors": "^1.1.1" } }, "sha512-9NhCeYjq9+3uxgdtp20LSiJXJvN0FeCtNGpJxuMFZ1Kv3cWUNb6DOhJwUvcVCzKGR66cw4njwM6hrJLqgOwbcw=="],

    "@babel/helper-validator-identifier": ["@babel/helper-validator-identifier@7.28.5", "", {}, "sha512-qSs4ifwzKJSV39ucNjsvc6WVHs6b7S03sOh2OcHF9UHfVPqWWALUsNUVzhSBiItjRZoLHx7nIarVjqKVusUZ1Q=="],

    "@babel/runtime": ["@babel/runtime@7.29.2", "", {}, "sha512-JiDShH45zKHWyGe4ZNVRrCjBz8Nh9TMmZG1kh4QTK8hCBTWBi8Da+i7s1fJw7/lYpM4ccepSNfqzZ/QvABBi5g=="],

    "@biomejs/biome": ["@biomejs/biome@2.4.10", "", { "optionalDependencies": { "@biomejs/cli-darwin-arm64": "2.4.10", "@biomejs/cli-darwin-x64": "2.4.10", "@biomejs/cli-linux-arm64": "2.4.10", "@biomejs/cli-linux-arm64-musl": "2.4.10", "@biomejs/cli-linux-x64": "2.4.10", "@biomejs/cli-linux-x64-musl": "2.4.10", "@biomejs/cli-win32-arm64": "2.4.10", "@biomejs/cli-win32-x64": "2.4.10" }, "bin": { "biome": "bin/biome" } }, "sha512-xxA3AphFQ1geij4JTHXv4EeSTda1IFn22ye9LdyVPoJU19fNVl0uzfEuhsfQ4Yue/0FaLs2/ccVi4UDiE7R30w=="],

    "@biomejs/cli-darwin-arm64": ["@biomejs/cli-darwin-arm64@2.4.10", "", { "os": "darwin", "cpu": "arm64" }, "sha512-vuzzI1cWqDVzOMIkYyHbKqp+AkQq4K7k+UCXWpkYcY/HDn1UxdsbsfgtVpa40shem8Kax4TLDLlx8kMAecgqiw=="],

    "@biomejs/cli-darwin-x64": ["@biomejs/cli-darwin-x64@2.4.10", "", { "os": "darwin", "cpu": "x64" }, "sha512-14fzASRo+BPotwp7nWULy2W5xeUyFnTaq1V13Etrrxkrih+ez/2QfgFm5Ehtf5vSjtgx/IJycMMpn5kPd5ZNaA=="],

    "@biomejs/cli-linux-arm64": ["@biomejs/cli-linux-arm64@2.4.10", "", { "os": "linux", "cpu": "arm64" }, "sha512-7MH1CMW5uuxQ/s7FLST63qF8B3Hgu2HRdZ7tA1X1+mk+St4JOuIrqdhIBnnyqeyWJNI+Bww7Es5QZ0wIc1Cmkw=="],

    "@biomejs/cli-linux-arm64-musl": ["@biomejs/cli-linux-arm64-musl@2.4.10", "", { "os": "linux", "cpu": "arm64" }, "sha512-WrJY6UuiSD/Dh+nwK2qOTu8kdMDlLV3dLMmychIghHPAysWFq1/DGC1pVZx8POE3ZkzKR3PUUnVrtZfMfaJjyQ=="],

    "@biomejs/cli-linux-x64": ["@biomejs/cli-linux-x64@2.4.10", "", { "os": "linux", "cpu": "x64" }, "sha512-tZLvEEi2u9Xu1zAqRjTcpIDGVtldigVvzug2fTuPG0ME/g8/mXpRPcNgLB22bGn6FvLJpHHnqLnwliOu8xjYrg=="],

    "@biomejs/cli-linux-x64-musl": ["@biomejs/cli-linux-x64-musl@2.4.10", "", { "os": "linux", "cpu": "x64" }, "sha512-kDTi3pI6PBN6CiczsWYOyP2zk0IJI08EWEQyDMQWW221rPaaEz6FvjLhnU07KMzLv8q3qSuoB93ua6inSQ55Tw=="],

    "@biomejs/cli-win32-arm64": ["@biomejs/cli-win32-arm64@2.4.10", "", { "os": "win32", "cpu": "arm64" }, "sha512-umwQU6qPzH+ISTf/eHyJ/QoQnJs3V9Vpjz2OjZXe9MVBZ7prgGafMy7yYeRGnlmDAn87AKTF3Q6weLoMGpeqdQ=="],

    "@biomejs/cli-win32-x64": ["@biomejs/cli-win32-x64@2.4.10", "", { "os": "win32", "cpu": "x64" }, "sha512-aW/JU5GuyH4uxMrNYpoC2kjaHlyJGLgIa3XkhPEZI0uKhZhJZU8BuEyJmvgzSPQNGozBwWjC972RaNdcJ9KyJg=="],

    "@happy-dom/global-registrator": ["@happy-dom/global-registrator@20.8.9", "", { "dependencies": { "@types/node": ">=20.0.0", "happy-dom": "^20.8.9" } }, "sha512-DtZeRRHY9A/bisTJziUBBPrdnPui7+R185G/hzi6/Boymhqh7/wi53AY+IvQHS1+7OPaqfO/1XNpngNwthLz+A=="],

    "@testing-library/dom": ["@testing-library/dom@10.4.1", "", { "dependencies": { "@babel/code-frame": "^7.10.4", "@babel/runtime": "^7.12.5", "@types/aria-query": "^5.0.1", "aria-query": "5.3.0", "dom-accessibility-api": "^0.5.9", "lz-string": "^1.5.0", "picocolors": "1.1.1", "pretty-format": "^27.0.2" } }, "sha512-o4PXJQidqJl82ckFaXUeoAW+XysPLauYI43Abki5hABd853iMhitooc6znOnczgbTYmEP6U6/y1ZyKAIsvMKGg=="],

    "@testing-library/jest-dom": ["@testing-library/jest-dom@6.9.1", "", { "dependencies": { "@adobe/css-tools": "^4.4.0", "aria-query": "^5.0.0", "css.escape": "^1.5.1", "dom-accessibility-api": "^0.6.3", "picocolors": "^1.1.1", "redent": "^3.0.0" } }, "sha512-zIcONa+hVtVSSep9UT3jZ5rizo2BsxgyDYU7WFD5eICBE7no3881HGeb/QkGfsJs6JTkY1aQhT7rIPC7e+0nnA=="],

    "@testing-library/react": ["@testing-library/react@16.3.2", "", { "dependencies": { "@babel/runtime": "^7.12.5" }, "peerDependencies": { "@testing-library/dom": "^10.0.0", "@types/react": "^18.0.0 || ^19.0.0", "@types/react-dom": "^18.0.0 || ^19.0.0", "react": "^18.0.0 || ^19.0.0", "react-dom": "^18.0.0 || ^19.0.0" }, "optionalPeers": ["@types/react", "@types/react-dom"] }, "sha512-XU5/SytQM+ykqMnAnvB2umaJNIOsLF3PVv//1Ew4CTcpz0/BRyy/af40qqrt7SjKpDdT1saBMc42CUok5gaw+g=="],

    "@testing-library/user-event": ["@testing-library/user-event@14.6.1", "", { "peerDependencies": { "@testing-library/dom": ">=7.21.4" } }, "sha512-vq7fv0rnt+QTXgPxr5Hjc210p6YKq2kmdziLgnsZGgLJ9e6VAShx1pACLuRjd/AS/sr7phAR58OIIpf0LlmQNw=="],

    "@types/aria-query": ["@types/aria-query@5.0.4", "", {}, "sha512-rfT93uj5s0PRL7EzccGMs3brplhcrghnDoV26NqKhCAS1hVo+WdNsPvE/yb6ilfr5hi2MEk6d5EWJTKdxg8jVw=="],

    "@types/node": ["@types/node@22.19.15", "", { "dependencies": { "undici-types": "~6.21.0" } }, "sha512-F0R/h2+dsy5wJAUe3tAU6oqa2qbWY5TpNfL/RGmo1y38hiyO1w3x2jPtt76wmuaJI4DQnOBu21cNXQ2STIUUWg=="],

    "@types/prop-types": ["@types/prop-types@15.7.15", "", {}, "sha512-F6bEyamV9jKGAFBEmlQnesRPGOQqS2+Uwi0Em15xenOxHaf2hv6L8YCVn3rPdPJOiJfPiCnLIRyvwVaqMY3MIw=="],

    "@types/react": ["@types/react@18.3.28", "", { "dependencies": { "@types/prop-types": "*", "csstype": "^3.2.2" } }, "sha512-z9VXpC7MWrhfWipitjNdgCauoMLRdIILQsAEV+ZesIzBq/oUlxk0m3ApZuMFCXdnS4U7KrI+l3WRUEGQ8K1QKw=="],

    "@types/react-dom": ["@types/react-dom@18.3.7", "", { "peerDependencies": { "@types/react": "^18.0.0" } }, "sha512-MEe3UeoENYVFXzoXEWsvcpg6ZvlrFNlOQ7EOsvhI3CfAXwzPfO8Qwuxd40nepsYKqyyVQnTdEfv68q91yLcKrQ=="],

    "@types/whatwg-mimetype": ["@types/whatwg-mimetype@3.0.2", "", {}, "sha512-c2AKvDT8ToxLIOUlN51gTiHXflsfIFisS4pO7pDPoKouJCESkhZnEy623gwP9laCy5lnLDAw1vAzu2vM2YLOrA=="],

    "@types/ws": ["@types/ws@8.18.1", "", { "dependencies": { "@types/node": "*" } }, "sha512-ThVF6DCVhA8kUGy+aazFQ4kXQ7E1Ty7A3ypFOe0IcJV8O/M511G99AW24irKrW56Wt44yG9+ij8FaqoBGkuBXg=="],

    "ansi-escapes": ["ansi-escapes@7.3.0", "", { "dependencies": { "environment": "^1.0.0" } }, "sha512-BvU8nYgGQBxcmMuEeUEmNTvrMVjJNSH7RgW24vXexN4Ven6qCvy4TntnvlnwnMLTVlcRQQdbRY8NKnaIoeWDNg=="],

    "ansi-regex": ["ansi-regex@5.0.1", "", {}, "sha512-quJQXlTSUGL2LH9SUXo8VwsY4soanhgo6LNSm84E1LBcE8s3O0wpdiRzyR9z/ZZJMlMWv37qOOb9pdJlMUEKFQ=="],

    "ansi-styles": ["ansi-styles@5.2.0", "", {}, "sha512-Cxwpt2SfTzTtXcfOlzGEee8O+c+MmUgGrNiBcXnuWxuFJHe6a5Hz7qwhwe5OgaSYI0IJvkLqWX1ASG+cJOkEiA=="],

    "appwrite": ["appwrite@23.0.0", "", { "dependencies": { "json-bigint": "1.0.0" } }, "sha512-K11a597npl3jsnxWKzjw163n4GguH4+/zBCOiU15yc1u+7QF0nP9mxsY4JxKrBU6bmQRtgtMTPv/6YOLSwp/QQ=="],

    "aria-query": ["aria-query@5.3.2", "", {}, "sha512-COROpnaoap1E2F000S62r6A60uHZnmlvomhfyT2DlTcrY1OrBKn2UhH7qn5wTC9zMvD0AY7csdPSNwKP+7WiQw=="],

    "bignumber.js": ["bignumber.js@9.3.1", "", {}, "sha512-Ko0uX15oIUS7wJ3Rb30Fs6SkVbLmPBAKdlm7q9+ak9bbIeFf0MwuBsQV6z7+X768/cHsfg+WlysDWJcmthjsjQ=="],

    "cli-cursor": ["cli-cursor@5.0.0", "", { "dependencies": { "restore-cursor": "^5.0.0" } }, "sha512-aCj4O5wKyszjMmDT4tZj93kxyydN/K5zPWSCe6/0AV/AA1pqe5ZBIw0a2ZfPQV7lL5/yb5HsUreJ6UFAF1tEQw=="],

    "cli-truncate": ["cli-truncate@5.2.0", "", { "dependencies": { "slice-ansi": "^8.0.0", "string-width": "^8.2.0" } }, "sha512-xRwvIOMGrfOAnM1JYtqQImuaNtDEv9v6oIYAs4LIHwTiKee8uwvIi363igssOC0O5U04i4AlENs79LQLu9tEMw=="],

    "colorette": ["colorette@2.0.20", "", {}, "sha512-IfEDxwoWIjkeXL1eXcDiow4UbKjhLdq6/EuSVR9GMN7KVH3r9gQ83e73hsz1Nd1T3ijd5xv1wcWRYO+D6kCI2w=="],

    "commander": ["commander@14.0.3", "", {}, "sha512-H+y0Jo/T1RZ9qPP4Eh1pkcQcLRglraJaSLoyOtHxu6AapkjWVCy2Sit1QQ4x3Dng8qDlSsZEet7g5Pq06MvTgw=="],

    "css.escape": ["css.escape@1.5.1", "", {}, "sha512-YUifsXXuknHlUsmlgyY0PKzgPOr7/FjCePfHNt0jxm83wHZi44VDMQ7/fGNkjY3/jV1MC+1CmZbaHzugyeRtpg=="],

    "csstype": ["csstype@3.2.3", "", {}, "sha512-z1HGKcYy2xA8AGQfwrn0PAy+PB7X/GSj3UVJW9qKyn43xWa+gl5nXmU4qqLMRzWVLFC8KusUX8T/0kCiOYpAIQ=="],

    "dequal": ["dequal@2.0.3", "", {}, "sha512-0je+qPKHEMohvfRTCEo3CrPG6cAzAYgmzKyxRiYSSDkS6eGJdyVJm7WaYA5ECaAD9wLB2T4EEeymA5aFVcYXCA=="],

    "dom-accessibility-api": ["dom-accessibility-api@0.6.3", "", {}, "sha512-7ZgogeTnjuHbo+ct10G9Ffp0mif17idi0IyWNVA/wcwcm7NPOD/WEHVP3n7n3MhXqxoIYm8d6MuZohYWIZ4T3w=="],

    "emoji-regex": ["emoji-regex@10.6.0", "", {}, "sha512-toUI84YS5YmxW219erniWD0CIVOo46xGKColeNQRgOzDorgBi1v4D71/OFzgD9GO2UGKIv1C3Sp8DAn0+j5w7A=="],

    "entities": ["entities@7.0.1", "", {}, "sha512-TWrgLOFUQTH994YUyl1yT4uyavY5nNB5muff+RtWaqNVCAK408b5ZnnbNAUEWLTCpum9w6arT70i1XdQ4UeOPA=="],

    "environment": ["environment@1.1.0", "", {}, "sha512-xUtoPkMggbz0MPyPiIWr1Kp4aeWJjDZ6SMvURhimjdZgsRuDplF5/s9hcgGhyXMhs+6vpnuoiZ2kFiu3FMnS8Q=="],

    "eventemitter3": ["eventemitter3@5.0.4", "", {}, "sha512-mlsTRyGaPBjPedk6Bvw+aqbsXDtoAyAzm5MO7JgU+yVRyMQ5O8bD4Kcci7BS85f93veegeCPkL8R4GLClnjLFw=="],

    "get-east-asian-width": ["get-east-asian-width@1.5.0", "", {}, "sha512-CQ+bEO+Tva/qlmw24dCejulK5pMzVnUOFOijVogd3KQs07HnRIgp8TGipvCCRT06xeYEbpbgwaCxglFyiuIcmA=="],

    "globals": ["globals@17.4.0", "", {}, "sha512-hjrNztw/VajQwOLsMNT1cbJiH2muO3OROCHnbehc8eY5JyD2gqz4AcMHPqgaOR59DjgUjYAYLeH699g/eWi2jw=="],

    "happy-dom": ["happy-dom@20.8.9", "", { "dependencies": { "@types/node": ">=20.0.0", "@types/whatwg-mimetype": "^3.0.2", "@types/ws": "^8.18.1", "entities": "^7.0.1", "whatwg-mimetype": "^3.0.0", "ws": "^8.18.3" } }, "sha512-Tz23LR9T9jOGVZm2x1EPdXqwA37G/owYMxRwU0E4miurAtFsPMQ1d2Jc2okUaSjZqAFz2oEn3FLXC5a0a+siyA=="],

    "husky": ["husky@9.1.7", "", { "bin": { "husky": "bin.js" } }, "sha512-5gs5ytaNjBrh5Ow3zrvdUUY+0VxIuWVL4i9irt6friV+BqdCfmV11CQTWMiBYWHbXhco+J1kHfTOUkePhCDvMA=="],

    "indent-string": ["indent-string@4.0.0", "", {}, "sha512-EdDDZu4A2OyIK7Lr/2zG+w5jmbuk1DVBnEwREQvBzspBJkCEbRa8GxU1lghYcaGJCnRWibjDXlq779X1/y5xwg=="],

    "is-fullwidth-code-point": ["is-fullwidth-code-point@5.1.0", "", { "dependencies": { "get-east-asian-width": "^1.3.1" } }, "sha512-5XHYaSyiqADb4RnZ1Bdad6cPp8Toise4TzEjcOYDHZkTCbKgiUl7WTUCpNWHuxmDt91wnsZBc9xinNzopv3JMQ=="],

    "js-tokens": ["js-tokens@4.0.0", "", {}, "sha512-RdJUflcE3cUzKiMqQgsCu06FPu9UdIJO0beYbPhHN4k6apgJtifcoCtT9bcxOpYBtpD2kCM6Sbzg4CausW/PKQ=="],

    "json-bigint": ["json-bigint@1.0.0", "", { "dependencies": { "bignumber.js": "^9.0.0" } }, "sha512-SiPv/8VpZuWbvLSMtTDU8hEfrZWg/mH/nV/b4o0CYbSxu1UIQPLdwKOCIyLQX+VIPO5vrLX3i8qtqFyhdPSUSQ=="],

    "lint-staged": ["lint-staged@16.4.0", "", { "dependencies": { "commander": "^14.0.3", "listr2": "^9.0.5", "picomatch": "^4.0.3", "string-argv": "^0.3.2", "tinyexec": "^1.0.4", "yaml": "^2.8.2" }, "bin": { "lint-staged": "bin/lint-staged.js" } }, "sha512-lBWt8hujh/Cjysw5GYVmZpFHXDCgZzhrOm8vbcUdobADZNOK/bRshr2kM3DfgrrtR1DQhfupW9gnIXOfiFi+bw=="],

    "listr2": ["listr2@9.0.5", "", { "dependencies": { "cli-truncate": "^5.0.0", "colorette": "^2.0.20", "eventemitter3": "^5.0.1", "log-update": "^6.1.0", "rfdc": "^1.4.1", "wrap-ansi": "^9.0.0" } }, "sha512-ME4Fb83LgEgwNw96RKNvKV4VTLuXfoKudAmm2lP8Kk87KaMK0/Xrx/aAkMWmT8mDb+3MlFDspfbCs7adjRxA2g=="],

    "log-update": ["log-update@6.1.0", "", { "dependencies": { "ansi-escapes": "^7.0.0", "cli-cursor": "^5.0.0", "slice-ansi": "^7.1.0", "strip-ansi": "^7.1.0", "wrap-ansi": "^9.0.0" } }, "sha512-9ie8ItPR6tjY5uYJh8K/Zrv/RMZ5VOlOWvtZdEHYSTFKZfIBPQa9tOAEeAWhd+AnIneLJ22w5fjOYtoutpWq5w=="],

    "loose-envify": ["loose-envify@1.4.0", "", { "dependencies": { "js-tokens": "^3.0.0 || ^4.0.0" }, "bin": { "loose-envify": "cli.js" } }, "sha512-lyuxPGr/Wfhrlem2CL/UcnUc1zcqKAImBDzukY7Y5F/yQiNdko6+fRLevlw1HgMySw7f611UIY408EtxRSoK3Q=="],

    "lz-string": ["lz-string@1.5.0", "", { "bin": { "lz-string": "bin/bin.js" } }, "sha512-h5bgJWpxJNswbU7qCrV0tIKQCaS3blPDrqKWx+QxzuzL1zGUzij9XCWLrSLsJPu5t+eWA/ycetzYAO5IOMcWAQ=="],

    "mimic-function": ["mimic-function@5.0.1", "", {}, "sha512-VP79XUPxV2CigYP3jWwAUFSku2aKqBH7uTAapFWCBqutsbmDo96KY5o8uh6U+/YSIn5OxJnXp73beVkpqMIGhA=="],

    "min-indent": ["min-indent@1.0.1", "", {}, "sha512-I9jwMn07Sy/IwOj3zVkVik2JTvgpaykDZEigL6Rx6N9LbMywwUSMtxET+7lVoDLLd3O3IXwJwvuuns8UB/HeAg=="],

    "node-appwrite": ["node-appwrite@22.1.3", "", { "dependencies": { "json-bigint": "1.0.0", "node-fetch-native-with-agent": "1.7.2" } }, "sha512-pXxvojqgYY3HAiJAj+P6xb/CXVNsMUd+JXVOLrCCDzqZmpKeMF6OEt4mAoDEyKTnRaixUDHlPrdh7y1G/w3sbw=="],

    "node-fetch-native-with-agent": ["node-fetch-native-with-agent@1.7.2", "", {}, "sha512-5MaOOCuJEvcckoz7/tjdx1M6OusOY6Xc5f459IaruGStWnKzlI1qpNgaAwmn4LmFYcsSlj+jBMk84wmmRxfk5g=="],

    "onetime": ["onetime@7.0.0", "", { "dependencies": { "mimic-function": "^5.0.0" } }, "sha512-VXJjc87FScF88uafS3JllDgvAm+c/Slfz06lorj2uAY34rlUu0Nt+v8wreiImcrgAjjIHp1rXpTDlLOGw29WwQ=="],

    "picocolors": ["picocolors@1.1.1", "", {}, "sha512-xceH2snhtb5M9liqDsmEw56le376mTZkEX/jEb/RxNFyegNul7eNslCXP9FDj/Lcu0X8KEyMceP2ntpaHrDEVA=="],

    "picomatch": ["picomatch@4.0.4", "", {}, "sha512-QP88BAKvMam/3NxH6vj2o21R6MjxZUAd6nlwAS/pnGvN9IVLocLHxGYIzFhg6fUQ+5th6P4dv4eW9jX3DSIj7A=="],

    "pretty-format": ["pretty-format@27.5.1", "", { "dependencies": { "ansi-regex": "^5.0.1", "ansi-styles": "^5.0.0", "react-is": "^17.0.1" } }, "sha512-Qb1gy5OrP5+zDf2Bvnzdl3jsTf1qXVMazbvCoKhtKqVs4/YK4ozX4gKQJJVyNe+cajNPn0KoC0MC3FUmaHWEmQ=="],

    "react": ["react@18.3.1", "", { "dependencies": { "loose-envify": "^1.1.0" } }, "sha512-wS+hAgJShR0KhEvPJArfuPVN1+Hz1t0Y6n5jLrGQbkb4urgPE/0Rve+1kMB1v/oWgHgm4WIcV+i7F2pTVj+2iQ=="],

    "react-dom": ["react-dom@18.3.1", "", { "dependencies": { "loose-envify": "^1.1.0", "scheduler": "^0.23.2" }, "peerDependencies": { "react": "^18.3.1" } }, "sha512-5m4nQKp+rZRb09LNH59GM4BxTh9251/ylbKIbpe7TpGxfJ+9kv6BLkLBXIjjspbgbnIBNqlI23tRnTWT0snUIw=="],

    "react-is": ["react-is@17.0.2", "", {}, "sha512-w2GsyukL62IJnlaff/nRegPQR94C/XXamvMWmSHRJ4y7Ts/4ocGRmTHvOs8PSE6pB3dWOrD/nueuU5sduBsQ4w=="],

    "redent": ["redent@3.0.0", "", { "dependencies": { "indent-string": "^4.0.0", "strip-indent": "^3.0.0" } }, "sha512-6tDA8g98We0zd0GvVeMT9arEOnTw9qM03L9cJXaCjrip1OO764RDBLBfrB4cwzNGDj5OA5ioymC9GkizgWJDUg=="],

    "restore-cursor": ["restore-cursor@5.1.0", "", { "dependencies": { "onetime": "^7.0.0", "signal-exit": "^4.1.0" } }, "sha512-oMA2dcrw6u0YfxJQXm342bFKX/E4sG9rbTzO9ptUcR/e8A33cHuvStiYOwH7fszkZlZ1z/ta9AAoPk2F4qIOHA=="],

    "rfdc": ["rfdc@1.4.1", "", {}, "sha512-q1b3N5QkRUWUl7iyylaaj3kOpIT0N2i9MqIEQXP73GVsN9cw3fdx8X63cEmWhJGi2PPCF23Ijp7ktmd39rawIA=="],

    "scheduler": ["scheduler@0.23.2", "", { "dependencies": { "loose-envify": "^1.1.0" } }, "sha512-UOShsPwz7NrMUqhR6t0hWjFduvOzbtv7toDH1/hIrfRNIDBnnBWd0CwJTGvTpngVlmwGCdP9/Zl/tVrDqcuYzQ=="],

    "signal-exit": ["signal-exit@4.1.0", "", {}, "sha512-bzyZ1e88w9O1iNJbKnOlvYTrWPDl46O1bG0D3XInv+9tkPrxrN8jUUTiFlDkkmKWgn1M6CfIA13SuGqOa9Korw=="],

    "slice-ansi": ["slice-ansi@8.0.0", "", { "dependencies": { "ansi-styles": "^6.2.3", "is-fullwidth-code-point": "^5.1.0" } }, "sha512-stxByr12oeeOyY2BlviTNQlYV5xOj47GirPr4yA1hE9JCtxfQN0+tVbkxwCtYDQWhEKWFHsEK48ORg5jrouCAg=="],

    "string-argv": ["string-argv@0.3.2", "", {}, "sha512-aqD2Q0144Z+/RqG52NeHEkZauTAUWJO8c6yTftGJKO3Tja5tUgIfmIl6kExvhtxSDP7fXB6DvzkfMpCd/F3G+Q=="],

    "string-width": ["string-width@8.2.0", "", { "dependencies": { "get-east-asian-width": "^1.5.0", "strip-ansi": "^7.1.2" } }, "sha512-6hJPQ8N0V0P3SNmP6h2J99RLuzrWz2gvT7VnK5tKvrNqJoyS9W4/Fb8mo31UiPvy00z7DQXkP2hnKBVav76thw=="],

    "strip-ansi": ["strip-ansi@7.2.0", "", { "dependencies": { "ansi-regex": "^6.2.2" } }, "sha512-yDPMNjp4WyfYBkHnjIRLfca1i6KMyGCtsVgoKe/z1+6vukgaENdgGBZt+ZmKPc4gavvEZ5OgHfHdrazhgNyG7w=="],

    "strip-indent": ["strip-indent@3.0.0", "", { "dependencies": { "min-indent": "^1.0.0" } }, "sha512-laJTa3Jb+VQpaC6DseHhF7dXVqHTfJPCRDaEbid/drOhgitgYku/letMUqOXFoWV0zIIUbjpdH2t+tYj4bQMRQ=="],

    "threewords": ["threewords@0.0.1", "", { "bin": { "threewords": "./bin/cli.js", "3words": "./bin/cli.js" } }, "sha512-ueEm2UnbkueDU8cf/VybAxF1C8NBpjxFzzOB3F/q6x5K+u01HtQ90nJNsrcoL81tYlXnwixHU0uuJGm0gE0TMg=="],

    "tinyexec": ["tinyexec@1.0.4", "", {}, "sha512-u9r3uZC0bdpGOXtlxUIdwf9pkmvhqJdrVCH9fapQtgy/OeTTMZ1nqH7agtvEfmGui6e1XxjcdrlxvxJvc3sMqw=="],

    "typescript": ["typescript@5.9.3", "", { "bin": { "tsc": "bin/tsc", "tsserver": "bin/tsserver" } }, "sha512-jl1vZzPDinLr9eUt3J/t7V6FgNEw9QjvBPdysz9KfQDD41fQrC2Y4vKQdiaUpFT4bXlb1RHhLpp8wtm6M5TgSw=="],

    "undici-types": ["undici-types@6.21.0", "", {}, "sha512-iwDZqg0QAGrg9Rav5H4n0M64c3mkR59cJ6wQp+7C4nI0gsmExaedaYLNO44eT4AtBBwjbTiGPMlt2Md0T9H9JQ=="],

    "whatwg-mimetype": ["whatwg-mimetype@3.0.0", "", {}, "sha512-nt+N2dzIutVRxARx1nghPKGv1xHikU7HKdfafKkLNLindmPU/ch3U31NOCGGA/dmPcmb1VlofO0vnKAcsm0o/Q=="],

    "wrap-ansi": ["wrap-ansi@9.0.2", "", { "dependencies": { "ansi-styles": "^6.2.1", "string-width": "^7.0.0", "strip-ansi": "^7.1.0" } }, "sha512-42AtmgqjV+X1VpdOfyTGOYRi0/zsoLqtXQckTmqTeybT+BDIbM/Guxo7x3pE2vtpr1ok6xRqM9OpBe+Jyoqyww=="],

    "ws": ["ws@8.20.0", "", { "peerDependencies": { "bufferutil": "^4.0.1", "utf-8-validate": ">=5.0.2" }, "optionalPeers": ["bufferutil", "utf-8-validate"] }, "sha512-sAt8BhgNbzCtgGbt2OxmpuryO63ZoDk/sqaB/znQm94T4fCEsy/yV+7CdC1kJhOU9lboAEU7R3kquuycDoibVA=="],

    "yaml": ["yaml@2.8.3", "", { "bin": { "yaml": "bin.mjs" } }, "sha512-AvbaCLOO2Otw/lW5bmh9d/WEdcDFdQp2Z2ZUH3pX9U2ihyUY0nvLv7J6TrWowklRGPYbB/IuIMfYgxaCPg5Bpg=="],

    "@happy-dom/global-registrator/@types/node": ["@types/node@25.5.0", "", { "dependencies": { "undici-types": "~7.18.0" } }, "sha512-jp2P3tQMSxWugkCUKLRPVUpGaL5MVFwF8RDuSRztfwgN1wmqJeMSbKlnEtQqU8UrhTmzEmZdu2I6v2dpp7XIxw=="],

    "@testing-library/dom/aria-query": ["aria-query@5.3.0", "", { "dependencies": { "dequal": "^2.0.3" } }, "sha512-b0P0sZPKtyu8HkeRAfCq0IfURZK+SuwMjY1UXGBU27wpAiTwQAIlq56IbIO+ytk/JjS1fMR14ee5WBBfKi5J6A=="],

    "@testing-library/dom/dom-accessibility-api": ["dom-accessibility-api@0.5.16", "", {}, "sha512-X7BJ2yElsnOJ30pZF4uIIDfBEVgF4XEBxL9Bxhy6dnrm5hkzqmsWHGTiHqRiITNhMyFLyAiWndIJP7Z1NTteDg=="],

    "@types/ws/@types/node": ["@types/node@25.5.0", "", { "dependencies": { "undici-types": "~7.18.0" } }, "sha512-jp2P3tQMSxWugkCUKLRPVUpGaL5MVFwF8RDuSRztfwgN1wmqJeMSbKlnEtQqU8UrhTmzEmZdu2I6v2dpp7XIxw=="],

    "happy-dom/@types/node": ["@types/node@25.5.0", "", { "dependencies": { "undici-types": "~7.18.0" } }, "sha512-jp2P3tQMSxWugkCUKLRPVUpGaL5MVFwF8RDuSRztfwgN1wmqJeMSbKlnEtQqU8UrhTmzEmZdu2I6v2dpp7XIxw=="],

    "log-update/slice-ansi": ["slice-ansi@7.1.2", "", { "dependencies": { "ansi-styles": "^6.2.1", "is-fullwidth-code-point": "^5.0.0" } }, "sha512-iOBWFgUX7caIZiuutICxVgX1SdxwAVFFKwt1EvMYYec/NWO5meOJ6K5uQxhrYBdQJne4KxiqZc+KptFOWFSI9w=="],

    "slice-ansi/ansi-styles": ["ansi-styles@6.2.3", "", {}, "sha512-4Dj6M28JB+oAH8kFkTLUo+a2jwOFkuqb3yucU0CANcRRUbxS0cP0nZYCGjcc3BNXwRIsUVmDGgzawme7zvJHvg=="],

    "strip-ansi/ansi-regex": ["ansi-regex@6.2.2", "", {}, "sha512-Bq3SmSpyFHaWjPk8If9yc6svM8c56dB5BAtW4Qbw5jHTwwXXcTLoRMkpDJp6VL0XzlWaCHTXrkFURMYmD0sLqg=="],

    "wrap-ansi/ansi-styles": ["ansi-styles@6.2.3", "", {}, "sha512-4Dj6M28JB+oAH8kFkTLUo+a2jwOFkuqb3yucU0CANcRRUbxS0cP0nZYCGjcc3BNXwRIsUVmDGgzawme7zvJHvg=="],

    "wrap-ansi/string-width": ["string-width@7.2.0", "", { "dependencies": { "emoji-regex": "^10.3.0", "get-east-asian-width": "^1.0.0", "strip-ansi": "^7.1.0" } }, "sha512-tsaTIkKW9b4N+AEj+SVA+WhJzV7/zMhcSu78mLKWSk7cXMOSHsBKFWUs0fWwq8QyK3MgJBQRX6Gbi4kYbdvGkQ=="],

    "@happy-dom/global-registrator/@types/node/undici-types": ["undici-types@7.18.2", "", {}, "sha512-AsuCzffGHJybSaRrmr5eHr81mwJU3kjw6M+uprWvCXiNeN9SOGwQ3Jn8jb8m3Z6izVgknn1R0FTCEAP2QrLY/w=="],

    "@types/ws/@types/node/undici-types": ["undici-types@7.18.2", "", {}, "sha512-AsuCzffGHJybSaRrmr5eHr81mwJU3kjw6M+uprWvCXiNeN9SOGwQ3Jn8jb8m3Z6izVgknn1R0FTCEAP2QrLY/w=="],

    "happy-dom/@types/node/undici-types": ["undici-types@7.18.2", "", {}, "sha512-AsuCzffGHJybSaRrmr5eHr81mwJU3kjw6M+uprWvCXiNeN9SOGwQ3Jn8jb8m3Z6izVgknn1R0FTCEAP2QrLY/w=="],

    "log-update/slice-ansi/ansi-styles": ["ansi-styles@6.2.3", "", {}, "sha512-4Dj6M28JB+oAH8kFkTLUo+a2jwOFkuqb3yucU0CANcRRUbxS0cP0nZYCGjcc3BNXwRIsUVmDGgzawme7zvJHvg=="],
  }
}
